
Microsoft Visual Studio Solution File, Format Version 12.00
# Visual Studio Version 17
VisualStudioVersion = 17.1.32407.343
MinimumVisualStudioVersion = 10.0.40219.1
Project("{FAE04EC0-301F-11D3-BF4B-00C04F79EFBC}") = "MVCSept27", "MVCSept27\MVCSept27.csproj", "{ADB6BC14-85E7-4A6A-818B-50944632BE53}"
EndProject
Global
	GlobalSection(SolutionConfigurationPlatforms) = preSolution
		Debug|Any CPU = Debug|Any CPU
		Release|Any CPU = Release|Any CPU
	EndGlobalSection
	GlobalSection(ProjectConfigurationPlatforms) = postSolution
		{ADB6BC14-85E7-4A6A-818B-50944632BE53}.Debug|Any CPU.ActiveCfg = Debug|Any CPU
		{ADB6BC14-85E7-4A6A-818B-50944632BE53}.Debug|Any CPU.Build.0 = Debug|Any CPU
		{ADB6BC14-85E7-4A6A-818B-50944632BE53}.Release|Any CPU.ActiveCfg = Release|Any CPU
		{ADB6BC14-85E7-4A6A-818B-50944632BE53}.Release|Any CPU.Build.0 = Release|Any CPU
	EndGlobalSection
	GlobalSection(SolutionProperties) = preSolution
		HideSolutionNode = FALSE
	EndGlobalSection
	GlobalSection(ExtensibilityGlobals) = postSolution
		SolutionGuid = {F8B7F851-E7F2-4353-AD56-2394A940CC74}
	EndGlobalSection
EndGlobal
